
Microsoft Visual Studio Solution File, Format Version 12.00
# Visual Studio Version 17
VisualStudioVersion = 17.1.32228.430
MinimumVisualStudioVersion = 10.0.40219.1
Project("{8BC9CEB8-8B4A-11D0-8D11-00A0C91BC942}") = "TreeTraversals", "TreeTraversals\TreeTraversals.vcxproj", "{BB7E5318-6A6C-471F-83ED-A9A5AAADD5D4}"
EndProject
Project("{8BC9CEB8-8B4A-11D0-8D11-00A0C91BC942}") = "AVLtree", "AVLtree\AVLtree.vcxproj", "{F388ABEC-D57A-4482-8B80-46AF3E832A19}"
EndProject
Project("{8BC9CEB8-8B4A-11D0-8D11-00A0C91BC942}") = "OpenMP_MatrixMult", "OpenMP_MatrixMult\OpenMP_MatrixMult.vcxproj", "{D71C95F9-2701-4B72-84EF-6AE8D135BC20}"
EndProject
Project("{8BC9CEB8-8B4A-11D0-8D11-00A0C91BC942}") = "OpenMP_Mandelbrot", "OpenMP_Mandelbrot\OpenMP_Mandelbrot.vcxproj", "{E78BD061-B222-454A-B726-F6F946A395FB}"
EndProject
Project("{8BC9CEB8-8B4A-11D0-8D11-00A0C91BC942}") = "sr_160523", "sr_160523\sr_160523.vcxproj", "{3C6E3A1C-8B57-490D-891D-1FEF654DA94E}"
EndProject
Project("{8BC9CEB8-8B4A-11D0-8D11-00A0C91BC942}") = "SmartPointer", "SmartPointer\SmartPointer.vcxproj", "{1B5B9BD7-2B68-432A-B9C4-8BC523D1FBB9}"
EndProject
Project("{8BC9CEB8-8B4A-11D0-8D11-00A0C91BC942}") = "ListGC", "ListGC\ListGC.vcxproj", "{2DD0800A-46DC-4043-A8E1-F251DB512050}"
EndProject
Project("{8BC9CEB8-8B4A-11D0-8D11-00A0C91BC942}") = "OS_lab6", "OS_lab6\OS_lab6.vcxproj", "{A295A891-802F-414E-8772-5452AFAEAFC1}"
EndProject
Project("{8BC9CEB8-8B4A-11D0-8D11-00A0C91BC942}") = "BitmapWithCppCLR", "BitmapWithCppCLR\BitmapWithCppCLR.vcxproj", "{85ACD783-0041-4664-BB6D-3244534DF8F2}"
EndProject
Global
	GlobalSection(SolutionConfigurationPlatforms) = preSolution
		Debug|x64 = Debug|x64
		Debug|x86 = Debug|x86
		Release|x64 = Release|x64
		Release|x86 = Release|x86
	EndGlobalSection
	GlobalSection(ProjectConfigurationPlatforms) = postSolution
		{BB7E5318-6A6C-471F-83ED-A9A5AAADD5D4}.Debug|x64.ActiveCfg = Debug|x64
		{BB7E5318-6A6C-471F-83ED-A9A5AAADD5D4}.Debug|x64.Build.0 = Debug|x64
		{BB7E5318-6A6C-471F-83ED-A9A5AAADD5D4}.Debug|x86.ActiveCfg = Debug|Win32
		{BB7E5318-6A6C-471F-83ED-A9A5AAADD5D4}.Debug|x86.Build.0 = Debug|Win32
		{BB7E5318-6A6C-471F-83ED-A9A5AAADD5D4}.Release|x64.ActiveCfg = Release|x64
		{BB7E5318-6A6C-471F-83ED-A9A5AAADD5D4}.Release|x64.Build.0 = Release|x64
		{BB7E5318-6A6C-471F-83ED-A9A5AAADD5D4}.Release|x86.ActiveCfg = Release|Win32
		{BB7E5318-6A6C-471F-83ED-A9A5AAADD5D4}.Release|x86.Build.0 = Release|Win32
		{F388ABEC-D57A-4482-8B80-46AF3E832A19}.Debug|x64.ActiveCfg = Debug|x64
		{F388ABEC-D57A-4482-8B80-46AF3E832A19}.Debug|x64.Build.0 = Debug|x64
		{F388ABEC-D57A-4482-8B80-46AF3E832A19}.Debug|x86.ActiveCfg = Debug|Win32
		{F388ABEC-D57A-4482-8B80-46AF3E832A19}.Debug|x86.Build.0 = Debug|Win32
		{F388ABEC-D57A-4482-8B80-46AF3E832A19}.Release|x64.ActiveCfg = Release|x64
		{F388ABEC-D57A-4482-8B80-46AF3E832A19}.Release|x64.Build.0 = Release|x64
		{F388ABEC-D57A-4482-8B80-46AF3E832A19}.Release|x86.ActiveCfg = Release|Win32
		{F388ABEC-D57A-4482-8B80-46AF3E832A19}.Release|x86.Build.0 = Release|Win32
		{D71C95F9-2701-4B72-84EF-6AE8D135BC20}.Debug|x64.ActiveCfg = Debug|x64
		{D71C95F9-2701-4B72-84EF-6AE8D135BC20}.Debug|x64.Build.0 = Debug|x64
		{D71C95F9-2701-4B72-84EF-6AE8D135BC20}.Debug|x86.ActiveCfg = Debug|Win32
		{D71C95F9-2701-4B72-84EF-6AE8D135BC20}.Debug|x86.Build.0 = Debug|Win32
		{D71C95F9-2701-4B72-84EF-6AE8D135BC20}.Release|x64.ActiveCfg = Release|x64
		{D71C95F9-2701-4B72-84EF-6AE8D135BC20}.Release|x64.Build.0 = Release|x64
		{D71C95F9-2701-4B72-84EF-6AE8D135BC20}.Release|x86.ActiveCfg = Release|Win32
		{D71C95F9-2701-4B72-84EF-6AE8D135BC20}.Release|x86.Build.0 = Release|Win32
		{E78BD061-B222-454A-B726-F6F946A395FB}.Debug|x64.ActiveCfg = Debug|x64
		{E78BD061-B222-454A-B726-F6F946A395FB}.Debug|x64.Build.0 = Debug|x64
		{E78BD061-B222-454A-B726-F6F946A395FB}.Debug|x86.ActiveCfg = Debug|Win32
		{E78BD061-B222-454A-B726-F6F946A395FB}.Debug|x86.Build.0 = Debug|Win32
		{E78BD061-B222-454A-B726-F6F946A395FB}.Release|x64.ActiveCfg = Release|x64
		{E78BD061-B222-454A-B726-F6F946A395FB}.Release|x64.Build.0 = Release|x64
		{E78BD061-B222-454A-B726-F6F946A395FB}.Release|x86.ActiveCfg = Release|Win32
		{E78BD061-B222-454A-B726-F6F946A395FB}.Release|x86.Build.0 = Release|Win32
		{3C6E3A1C-8B57-490D-891D-1FEF654DA94E}.Debug|x64.ActiveCfg = Debug|x64
		{3C6E3A1C-8B57-490D-891D-1FEF654DA94E}.Debug|x64.Build.0 = Debug|x64
		{3C6E3A1C-8B57-490D-891D-1FEF654DA94E}.Debug|x86.ActiveCfg = Debug|Win32
		{3C6E3A1C-8B57-490D-891D-1FEF654DA94E}.Debug|x86.Build.0 = Debug|Win32
		{3C6E3A1C-8B57-490D-891D-1FEF654DA94E}.Release|x64.ActiveCfg = Release|x64
		{3C6E3A1C-8B57-490D-891D-1FEF654DA94E}.Release|x64.Build.0 = Release|x64
		{3C6E3A1C-8B57-490D-891D-1FEF654DA94E}.Release|x86.ActiveCfg = Release|Win32
		{3C6E3A1C-8B57-490D-891D-1FEF654DA94E}.Release|x86.Build.0 = Release|Win32
		{1B5B9BD7-2B68-432A-B9C4-8BC523D1FBB9}.Debug|x64.ActiveCfg = Debug|x64
		{1B5B9BD7-2B68-432A-B9C4-8BC523D1FBB9}.Debug|x64.Build.0 = Debug|x64
		{1B5B9BD7-2B68-432A-B9C4-8BC523D1FBB9}.Debug|x86.ActiveCfg = Debug|Win32
		{1B5B9BD7-2B68-432A-B9C4-8BC523D1FBB9}.Debug|x86.Build.0 = Debug|Win32
		{1B5B9BD7-2B68-432A-B9C4-8BC523D1FBB9}.Release|x64.ActiveCfg = Release|x64
		{1B5B9BD7-2B68-432A-B9C4-8BC523D1FBB9}.Release|x64.Build.0 = Release|x64
		{1B5B9BD7-2B68-432A-B9C4-8BC523D1FBB9}.Release|x86.ActiveCfg = Release|Win32
		{1B5B9BD7-2B68-432A-B9C4-8BC523D1FBB9}.Release|x86.Build.0 = Release|Win32
		{2DD0800A-46DC-4043-A8E1-F251DB512050}.Debug|x64.ActiveCfg = Debug|x64
		{2DD0800A-46DC-4043-A8E1-F251DB512050}.Debug|x64.Build.0 = Debug|x64
		{2DD0800A-46DC-4043-A8E1-F251DB512050}.Debug|x86.ActiveCfg = Debug|Win32
		{2DD0800A-46DC-4043-A8E1-F251DB512050}.Debug|x86.Build.0 = Debug|Win32
		{2DD0800A-46DC-4043-A8E1-F251DB512050}.Release|x64.ActiveCfg = Release|x64
		{2DD0800A-46DC-4043-A8E1-F251DB512050}.Release|x64.Build.0 = Release|x64
		{2DD0800A-46DC-4043-A8E1-F251DB512050}.Release|x86.ActiveCfg = Release|Win32
		{2DD0800A-46DC-4043-A8E1-F251DB512050}.Release|x86.Build.0 = Release|Win32
		{A295A891-802F-414E-8772-5452AFAEAFC1}.Debug|x64.ActiveCfg = Debug|x64
		{A295A891-802F-414E-8772-5452AFAEAFC1}.Debug|x64.Build.0 = Debug|x64
		{A295A891-802F-414E-8772-5452AFAEAFC1}.Debug|x86.ActiveCfg = Debug|Win32
		{A295A891-802F-414E-8772-5452AFAEAFC1}.Debug|x86.Build.0 = Debug|Win32
		{A295A891-802F-414E-8772-5452AFAEAFC1}.Release|x64.ActiveCfg = Release|x64
		{A295A891-802F-414E-8772-5452AFAEAFC1}.Release|x64.Build.0 = Release|x64
		{A295A891-802F-414E-8772-5452AFAEAFC1}.Release|x86.ActiveCfg = Release|Win32
		{A295A891-802F-414E-8772-5452AFAEAFC1}.Release|x86.Build.0 = Release|Win32
		{85ACD783-0041-4664-BB6D-3244534DF8F2}.Debug|x64.ActiveCfg = Debug|x64
		{85ACD783-0041-4664-BB6D-3244534DF8F2}.Debug|x64.Build.0 = Debug|x64
		{85ACD783-0041-4664-BB6D-3244534DF8F2}.Debug|x86.ActiveCfg = Debug|Win32
		{85ACD783-0041-4664-BB6D-3244534DF8F2}.Debug|x86.Build.0 = Debug|Win32
		{85ACD783-0041-4664-BB6D-3244534DF8F2}.Release|x64.ActiveCfg = Release|x64
		{85ACD783-0041-4664-BB6D-3244534DF8F2}.Release|x64.Build.0 = Release|x64
		{85ACD783-0041-4664-BB6D-3244534DF8F2}.Release|x86.ActiveCfg = Release|Win32
		{85ACD783-0041-4664-BB6D-3244534DF8F2}.Release|x86.Build.0 = Release|Win32
	EndGlobalSection
	GlobalSection(SolutionProperties) = preSolution
		HideSolutionNode = FALSE
	EndGlobalSection
	GlobalSection(ExtensibilityGlobals) = postSolution
		SolutionGuid = {BBA976F9-B233-4962-8400-A94AB9B2D7ED}
	EndGlobalSection
EndGlobal
